
Microsoft Visual Studio Solution File, Format Version 12.00
# Visual Studio Version 17
VisualStudioVersion = 17.7.34031.279
MinimumVisualStudioVersion = 10.0.40219.1
Project("{FAE04EC0-301F-11D3-BF4B-00C04F79EFBC}") = "WinFormsApp1", "WinFormsApp1\WinFormsApp1.csproj", "{7DFAEE0E-9AAD-4239-8CE2-6EE815651D51}"
EndProject
Global
	GlobalSection(SolutionConfigurationPlatforms) = preSolution
		Debug|Any CPU = Debug|Any CPU
		Release|Any CPU = Release|Any CPU
	EndGlobalSection
	GlobalSection(ProjectConfigurationPlatforms) = postSolution
		{7DFAEE0E-9AAD-4239-8CE2-6EE815651D51}.Debug|Any CPU.ActiveCfg = Debug|Any CPU
		{7DFAEE0E-9AAD-4239-8CE2-6EE815651D51}.Debug|Any CPU.Build.0 = Debug|Any CPU
		{7DFAEE0E-9AAD-4239-8CE2-6EE815651D51}.Release|Any CPU.ActiveCfg = Release|Any CPU
		{7DFAEE0E-9AAD-4239-8CE2-6EE815651D51}.Release|Any CPU.Build.0 = Release|Any CPU
	EndGlobalSection
	GlobalSection(SolutionProperties) = preSolution
		HideSolutionNode = FALSE
	EndGlobalSection
	GlobalSection(ExtensibilityGlobals) = postSolution
		SolutionGuid = {7FF25A7E-6401-4FEF-8B98-F0C762DED161}
	EndGlobalSection
EndGlobal
